// !$*UTF8*$!
{
	archiveVersion = 1;
	classes = {
	};
	objectVersion = 50;
	objects = {

/* Begin PBXBuildFile section */
		84BD232A5D20A7C3D6FEBAE8 /* Pods_BlueTests.framework in Frameworks */ = {isa = PBXBuildFile; fileRef = 0D3A07F7BE2C4044665C064C /* Pods_BlueTests.framework */; };
		A08203B8907F72F10CF15DF1 /* Pods_Blue.framework in Frameworks */ = {isa = PBXBuildFile; fileRef = A73353AD66EE59D635B97A72 /* Pods_Blue.framework */; };
		D934FE6D2115DD0200A5F66F /* PostCell.swift in Sources */ = {isa = PBXBuildFile; fileRef = D934FE6C2115DD0200A5F66F /* PostCell.swift */; };
		D934FE6F2117647500A5F66F /* ProfileViewController.swift in Sources */ = {isa = PBXBuildFile; fileRef = D934FE6E2117647500A5F66F /* ProfileViewController.swift */; };
		D959983120ED478E00982DBC /* AppDelegate.swift in Sources */ = {isa = PBXBuildFile; fileRef = D959983020ED478E00982DBC /* AppDelegate.swift */; };
		D959983320ED478E00982DBC /* ViewController.swift in Sources */ = {isa = PBXBuildFile; fileRef = D959983220ED478E00982DBC /* ViewController.swift */; };
		D959983620ED478E00982DBC /* Main.storyboard in Resources */ = {isa = PBXBuildFile; fileRef = D959983420ED478E00982DBC /* Main.storyboard */; };
		D959983820ED479100982DBC /* Assets.xcassets in Resources */ = {isa = PBXBuildFile; fileRef = D959983720ED479100982DBC /* Assets.xcassets */; };
		D959983B20ED479100982DBC /* LaunchScreen.storyboard in Resources */ = {isa = PBXBuildFile; fileRef = D959983920ED479100982DBC /* LaunchScreen.storyboard */; };
		D959984620ED479100982DBC /* BlueTests.swift in Sources */ = {isa = PBXBuildFile; fileRef = D959984520ED479100982DBC /* BlueTests.swift */; };
		D959985120ED479100982DBC /* BlueUITests.swift in Sources */ = {isa = PBXBuildFile; fileRef = D959985020ED479100982DBC /* BlueUITests.swift */; };
		D959985F20ED47FF00982DBC /* GoogleService-Info.plist in Resources */ = {isa = PBXBuildFile; fileRef = D959985E20ED47FF00982DBC /* GoogleService-Info.plist */; };
		D959986520ED4FBC00982DBC /* SignUpViewController.swift in Sources */ = {isa = PBXBuildFile; fileRef = D959986420ED4FBC00982DBC /* SignUpViewController.swift */; };
		D9751A6E20EFA24300BD0EDC /* PageViewController.swift in Sources */ = {isa = PBXBuildFile; fileRef = D9751A6D20EFA24300BD0EDC /* PageViewController.swift */; };
		F18A4A4D211D4D78008ED448 /* BasicStuff.swift in Sources */ = {isa = PBXBuildFile; fileRef = F18A4A4C211D4D78008ED448 /* BasicStuff.swift */; };
		F18A4A4F211D6D29008ED448 /* FeedViewController.swift in Sources */ = {isa = PBXBuildFile; fileRef = F18A4A4E211D6D29008ED448 /* FeedViewController.swift */; };
		F18A4A51211D7590008ED448 /* NewPostViewController.swift in Sources */ = {isa = PBXBuildFile; fileRef = F18A4A50211D7590008ED448 /* NewPostViewController.swift */; };
		F18A4A58211DDB63008ED448 /* UserSearchViewController.swift in Sources */ = {isa = PBXBuildFile; fileRef = F18A4A57211DDB62008ED448 /* UserSearchViewController.swift */; };
		F1A1B95C21243C2800D24606 /* FollwersViewController.swift in Sources */ = {isa = PBXBuildFile; fileRef = F1A1B95B21243C2800D24606 /* FollwersViewController.swift */; };
		F1A1B95E21244A8A00D24606 /* SettingViewController.swift in Sources */ = {isa = PBXBuildFile; fileRef = F1A1B95D21244A8A00D24606 /* SettingViewController.swift */; };
		F1BEB80E211B0C0A006472DA /* SignInViewController.swift in Sources */ = {isa = PBXBuildFile; fileRef = F1BEB80D211B0C0A006472DA /* SignInViewController.swift */; };
		F348C51360C5A6AB1087E384 /* Pods_BlueUITests.framework in Frameworks */ = {isa = PBXBuildFile; fileRef = C3845367C3D286815F72E9B7 /* Pods_BlueUITests.framework */; };
/* End PBXBuildFile section */

/* Begin PBXContainerItemProxy section */
		D959984220ED479100982DBC /* PBXContainerItemProxy */ = {
			isa = PBXContainerItemProxy;
			containerPortal = D959982520ED478E00982DBC /* Project object */;
			proxyType = 1;
			remoteGlobalIDString = D959982C20ED478E00982DBC;
			remoteInfo = Blue;
		};
		D959984D20ED479100982DBC /* PBXContainerItemProxy */ = {
			isa = PBXContainerItemProxy;
			containerPortal = D959982520ED478E00982DBC /* Project object */;
			proxyType = 1;
			remoteGlobalIDString = D959982C20ED478E00982DBC;
			remoteInfo = Blue;
		};
/* End PBXContainerItemProxy section */

/* Begin PBXFileReference section */
		0D3A07F7BE2C4044665C064C /* Pods_BlueTests.framework */ = {isa = PBXFileReference; explicitFileType = wrapper.framework; includeInIndex = 0; path = Pods_BlueTests.framework; sourceTree = BUILT_PRODUCTS_DIR; };
		7EFD7830AC15D1AA6B2AB3B5 /* Pods-BlueUITests.debug.xcconfig */ = {isa = PBXFileReference; includeInIndex = 1; lastKnownFileType = text.xcconfig; name = "Pods-BlueUITests.debug.xcconfig"; path = "Pods/Target Support Files/Pods-BlueUITests/Pods-BlueUITests.debug.xcconfig"; sourceTree = "<group>"; };
		9001489DA10AD7EE70D209C7 /* Pods-BlueTests.debug.xcconfig */ = {isa = PBXFileReference; includeInIndex = 1; lastKnownFileType = text.xcconfig; name = "Pods-BlueTests.debug.xcconfig"; path = "Pods/Target Support Files/Pods-BlueTests/Pods-BlueTests.debug.xcconfig"; sourceTree = "<group>"; };
		A73353AD66EE59D635B97A72 /* Pods_Blue.framework */ = {isa = PBXFileReference; explicitFileType = wrapper.framework; includeInIndex = 0; path = Pods_Blue.framework; sourceTree = BUILT_PRODUCTS_DIR; };
		C3845367C3D286815F72E9B7 /* Pods_BlueUITests.framework */ = {isa = PBXFileReference; explicitFileType = wrapper.framework; includeInIndex = 0; path = Pods_BlueUITests.framework; sourceTree = BUILT_PRODUCTS_DIR; };
		D934FE6C2115DD0200A5F66F /* PostCell.swift */ = {isa = PBXFileReference; lastKnownFileType = sourcecode.swift; path = PostCell.swift; sourceTree = "<group>"; };
		D934FE6E2117647500A5F66F /* ProfileViewController.swift */ = {isa = PBXFileReference; lastKnownFileType = sourcecode.swift; path = ProfileViewController.swift; sourceTree = "<group>"; };
		D959982D20ED478E00982DBC /* Blue.app */ = {isa = PBXFileReference; explicitFileType = wrapper.application; includeInIndex = 0; path = Blue.app; sourceTree = BUILT_PRODUCTS_DIR; };
		D959983020ED478E00982DBC /* AppDelegate.swift */ = {isa = PBXFileReference; lastKnownFileType = sourcecode.swift; path = AppDelegate.swift; sourceTree = "<group>"; };
		D959983220ED478E00982DBC /* ViewController.swift */ = {isa = PBXFileReference; lastKnownFileType = sourcecode.swift; path = ViewController.swift; sourceTree = "<group>"; };
		D959983520ED478E00982DBC /* Base */ = {isa = PBXFileReference; lastKnownFileType = file.storyboard; name = Base; path = Base.lproj/Main.storyboard; sourceTree = "<group>"; };
		D959983720ED479100982DBC /* Assets.xcassets */ = {isa = PBXFileReference; lastKnownFileType = folder.assetcatalog; path = Assets.xcassets; sourceTree = "<group>"; };
		D959983A20ED479100982DBC /* Base */ = {isa = PBXFileReference; lastKnownFileType = file.storyboard; name = Base; path = Base.lproj/LaunchScreen.storyboard; sourceTree = "<group>"; };
		D959983C20ED479100982DBC /* Info.plist */ = {isa = PBXFileReference; lastKnownFileType = text.plist.xml; path = Info.plist; sourceTree = "<group>"; };
		D959984120ED479100982DBC /* BlueTests.xctest */ = {isa = PBXFileReference; explicitFileType = wrapper.cfbundle; includeInIndex = 0; path = BlueTests.xctest; sourceTree = BUILT_PRODUCTS_DIR; };
		D959984520ED479100982DBC /* BlueTests.swift */ = {isa = PBXFileReference; lastKnownFileType = sourcecode.swift; path = BlueTests.swift; sourceTree = "<group>"; };
		D959984720ED479100982DBC /* Info.plist */ = {isa = PBXFileReference; lastKnownFileType = text.plist.xml; path = Info.plist; sourceTree = "<group>"; };
		D959984C20ED479100982DBC /* BlueUITests.xctest */ = {isa = PBXFileReference; explicitFileType = wrapper.cfbundle; includeInIndex = 0; path = BlueUITests.xctest; sourceTree = BUILT_PRODUCTS_DIR; };
		D959985020ED479100982DBC /* BlueUITests.swift */ = {isa = PBXFileReference; lastKnownFileType = sourcecode.swift; path = BlueUITests.swift; sourceTree = "<group>"; };
		D959985220ED479100982DBC /* Info.plist */ = {isa = PBXFileReference; lastKnownFileType = text.plist.xml; path = Info.plist; sourceTree = "<group>"; };
		D959985E20ED47FF00982DBC /* GoogleService-Info.plist */ = {isa = PBXFileReference; fileEncoding = 4; lastKnownFileType = text.plist.xml; path = "GoogleService-Info.plist"; sourceTree = "<group>"; };
		D959986420ED4FBC00982DBC /* SignUpViewController.swift */ = {isa = PBXFileReference; lastKnownFileType = sourcecode.swift; path = SignUpViewController.swift; sourceTree = "<group>"; };
		D9751A6D20EFA24300BD0EDC /* PageViewController.swift */ = {isa = PBXFileReference; lastKnownFileType = sourcecode.swift; path = PageViewController.swift; sourceTree = "<group>"; };
		E800B4E7BA3F0269D6857BAA /* Pods-Blue.release.xcconfig */ = {isa = PBXFileReference; includeInIndex = 1; lastKnownFileType = text.xcconfig; name = "Pods-Blue.release.xcconfig"; path = "Pods/Target Support Files/Pods-Blue/Pods-Blue.release.xcconfig"; sourceTree = "<group>"; };
		EEC394C6615F20333D53C7F1 /* Pods-Blue.debug.xcconfig */ = {isa = PBXFileReference; includeInIndex = 1; lastKnownFileType = text.xcconfig; name = "Pods-Blue.debug.xcconfig"; path = "Pods/Target Support Files/Pods-Blue/Pods-Blue.debug.xcconfig"; sourceTree = "<group>"; };
		F18A4A4C211D4D78008ED448 /* BasicStuff.swift */ = {isa = PBXFileReference; lastKnownFileType = sourcecode.swift; path = BasicStuff.swift; sourceTree = "<group>"; };
		F18A4A4E211D6D29008ED448 /* FeedViewController.swift */ = {isa = PBXFileReference; lastKnownFileType = sourcecode.swift; path = FeedViewController.swift; sourceTree = "<group>"; };
		F18A4A50211D7590008ED448 /* NewPostViewController.swift */ = {isa = PBXFileReference; lastKnownFileType = sourcecode.swift; path = NewPostViewController.swift; sourceTree = "<group>"; };
		F18A4A57211DDB62008ED448 /* UserSearchViewController.swift */ = {isa = PBXFileReference; lastKnownFileType = sourcecode.swift; path = UserSearchViewController.swift; sourceTree = "<group>"; };
		F1A1B95B21243C2800D24606 /* FollwersViewController.swift */ = {isa = PBXFileReference; lastKnownFileType = sourcecode.swift; path = FollwersViewController.swift; sourceTree = "<group>"; };
		F1A1B95D21244A8A00D24606 /* SettingViewController.swift */ = {isa = PBXFileReference; lastKnownFileType = sourcecode.swift; path = SettingViewController.swift; sourceTree = "<group>"; };
		F1BEB80D211B0C0A006472DA /* SignInViewController.swift */ = {isa = PBXFileReference; fileEncoding = 4; lastKnownFileType = sourcecode.swift; path = SignInViewController.swift; sourceTree = "<group>"; };
		F1BF18B53ACC74870A273202 /* Pods-BlueTests.release.xcconfig */ = {isa = PBXFileReference; includeInIndex = 1; lastKnownFileType = text.xcconfig; name = "Pods-BlueTests.release.xcconfig"; path = "Pods/Target Support Files/Pods-BlueTests/Pods-BlueTests.release.xcconfig"; sourceTree = "<group>"; };
		F8B48E2977AA251FCEEE0A64 /* Pods-BlueUITests.release.xcconfig */ = {isa = PBXFileReference; includeInIndex = 1; lastKnownFileType = text.xcconfig; name = "Pods-BlueUITests.release.xcconfig"; path = "Pods/Target Support Files/Pods-BlueUITests/Pods-BlueUITests.release.xcconfig"; sourceTree = "<group>"; };
/* End PBXFileReference section */

/* Begin PBXFrameworksBuildPhase section */
		D959982A20ED478E00982DBC /* Frameworks */ = {
			isa = PBXFrameworksBuildPhase;
			buildActionMask = 2147483647;
			files = (
				A08203B8907F72F10CF15DF1 /* Pods_Blue.framework in Frameworks */,
			);
			runOnlyForDeploymentPostprocessing = 0;
		};
		D959983E20ED479100982DBC /* Frameworks */ = {
			isa = PBXFrameworksBuildPhase;
			buildActionMask = 2147483647;
			files = (
				84BD232A5D20A7C3D6FEBAE8 /* Pods_BlueTests.framework in Frameworks */,
			);
			runOnlyForDeploymentPostprocessing = 0;
		};
		D959984920ED479100982DBC /* Frameworks */ = {
			isa = PBXFrameworksBuildPhase;
			buildActionMask = 2147483647;
			files = (
				F348C51360C5A6AB1087E384 /* Pods_BlueUITests.framework in Frameworks */,
			);
			runOnlyForDeploymentPostprocessing = 0;
		};
/* End PBXFrameworksBuildPhase section */

/* Begin PBXGroup section */
		94C952CBD7D68246879C8A36 /* Pods */ = {
			isa = PBXGroup;
			children = (
				EEC394C6615F20333D53C7F1 /* Pods-Blue.debug.xcconfig */,
				E800B4E7BA3F0269D6857BAA /* Pods-Blue.release.xcconfig */,
				9001489DA10AD7EE70D209C7 /* Pods-BlueTests.debug.xcconfig */,
				F1BF18B53ACC74870A273202 /* Pods-BlueTests.release.xcconfig */,
				7EFD7830AC15D1AA6B2AB3B5 /* Pods-BlueUITests.debug.xcconfig */,
				F8B48E2977AA251FCEEE0A64 /* Pods-BlueUITests.release.xcconfig */,
			);
			name = Pods;
			sourceTree = "<group>";
		};
		B347C9AB2F4E4803D0479187 /* Frameworks */ = {
			isa = PBXGroup;
			children = (
				A73353AD66EE59D635B97A72 /* Pods_Blue.framework */,
				0D3A07F7BE2C4044665C064C /* Pods_BlueTests.framework */,
				C3845367C3D286815F72E9B7 /* Pods_BlueUITests.framework */,
			);
			name = Frameworks;
			sourceTree = "<group>";
		};
		D959982420ED478E00982DBC = {
			isa = PBXGroup;
			children = (
				D959982F20ED478E00982DBC /* Blue */,
				D959984420ED479100982DBC /* BlueTests */,
				D959984F20ED479100982DBC /* BlueUITests */,
				D959982E20ED478E00982DBC /* Products */,
				94C952CBD7D68246879C8A36 /* Pods */,
				B347C9AB2F4E4803D0479187 /* Frameworks */,
			);
			sourceTree = "<group>";
		};
		D959982E20ED478E00982DBC /* Products */ = {
			isa = PBXGroup;
			children = (
				D959982D20ED478E00982DBC /* Blue.app */,
				D959984120ED479100982DBC /* BlueTests.xctest */,
				D959984C20ED479100982DBC /* BlueUITests.xctest */,
			);
			name = Products;
			sourceTree = "<group>";
		};
		D959982F20ED478E00982DBC /* Blue */ = {
			isa = PBXGroup;
			children = (
				D959983020ED478E00982DBC /* AppDelegate.swift */,
				D959983220ED478E00982DBC /* ViewController.swift */,
				D9751A6D20EFA24300BD0EDC /* PageViewController.swift */,
				F18A4A54211DDAD5008ED448 /* Profile */,
				F18A4A53211DDABE008ED448 /* Feed */,
				F18A4A52211DDA98008ED448 /* Authentication */,
				F18A4A4B211D4D56008ED448 /* BasicStuff */,
				D959983720ED479100982DBC /* Assets.xcassets */,
				D959983420ED478E00982DBC /* Main.storyboard */,
				D959983920ED479100982DBC /* LaunchScreen.storyboard */,
				D959985E20ED47FF00982DBC /* GoogleService-Info.plist */,
				D959983C20ED479100982DBC /* Info.plist */,
			);
			path = Blue;
			sourceTree = "<group>";
		};
		D959984420ED479100982DBC /* BlueTests */ = {
			isa = PBXGroup;
			children = (
				D959984520ED479100982DBC /* BlueTests.swift */,
				D959984720ED479100982DBC /* Info.plist */,
			);
			path = BlueTests;
			sourceTree = "<group>";
		};
		D959984F20ED479100982DBC /* BlueUITests */ = {
			isa = PBXGroup;
			children = (
				D959985020ED479100982DBC /* BlueUITests.swift */,
				D959985220ED479100982DBC /* Info.plist */,
			);
			path = BlueUITests;
			sourceTree = "<group>";
		};
		F18A4A4B211D4D56008ED448 /* BasicStuff */ = {
			isa = PBXGroup;
			children = (
				F18A4A4C211D4D78008ED448 /* BasicStuff.swift */,
			);
			path = BasicStuff;
			sourceTree = "<group>";
		};
		F18A4A52211DDA98008ED448 /* Authentication */ = {
			isa = PBXGroup;
			children = (
				F1BEB80D211B0C0A006472DA /* SignInViewController.swift */,
				D959986420ED4FBC00982DBC /* SignUpViewController.swift */,
			);
			path = Authentication;
			sourceTree = "<group>";
		};
		F18A4A53211DDABE008ED448 /* Feed */ = {
			isa = PBXGroup;
			children = (
				F18A4A50211D7590008ED448 /* NewPostViewController.swift */,
				F18A4A4E211D6D29008ED448 /* FeedViewController.swift */,
				D934FE6C2115DD0200A5F66F /* PostCell.swift */,
				F18A4A57211DDB62008ED448 /* UserSearchViewController.swift */,
			);
			path = Feed;
			sourceTree = "<group>";
		};
		F18A4A54211DDAD5008ED448 /* Profile */ = {
			isa = PBXGroup;
			children = (
				D934FE6E2117647500A5F66F /* ProfileViewController.swift */,
				F1A1B95B21243C2800D24606 /* FollwersViewController.swift */,
				F1A1B95D21244A8A00D24606 /* SettingViewController.swift */,
			);
			path = Profile;
			sourceTree = "<group>";
		};
/* End PBXGroup section */

/* Begin PBXNativeTarget section */
		D959982C20ED478E00982DBC /* Blue */ = {
			isa = PBXNativeTarget;
			buildConfigurationList = D959985520ED479100982DBC /* Build configuration list for PBXNativeTarget "Blue" */;
			buildPhases = (
				0EC6E46CEE6C914BF1A17289 /* [CP] Check Pods Manifest.lock */,
				D959982920ED478E00982DBC /* Sources */,
				D959982A20ED478E00982DBC /* Frameworks */,
				D959982B20ED478E00982DBC /* Resources */,
				F536AB1F6D910B7CE320889C /* [CP] Embed Pods Frameworks */,
			);
			buildRules = (
			);
			dependencies = (
			);
			name = Blue;
			productName = Blue;
			productReference = D959982D20ED478E00982DBC /* Blue.app */;
			productType = "com.apple.product-type.application";
		};
		D959984020ED479100982DBC /* BlueTests */ = {
			isa = PBXNativeTarget;
			buildConfigurationList = D959985820ED479100982DBC /* Build configuration list for PBXNativeTarget "BlueTests" */;
			buildPhases = (
				73C11FCFECE1F392A87FB3F3 /* [CP] Check Pods Manifest.lock */,
				D959983D20ED479100982DBC /* Sources */,
				D959983E20ED479100982DBC /* Frameworks */,
				D959983F20ED479100982DBC /* Resources */,
			);
			buildRules = (
			);
			dependencies = (
				D959984320ED479100982DBC /* PBXTargetDependency */,
			);
			name = BlueTests;
			productName = BlueTests;
			productReference = D959984120ED479100982DBC /* BlueTests.xctest */;
			productType = "com.apple.product-type.bundle.unit-test";
		};
		D959984B20ED479100982DBC /* BlueUITests */ = {
			isa = PBXNativeTarget;
			buildConfigurationList = D959985B20ED479100982DBC /* Build configuration list for PBXNativeTarget "BlueUITests" */;
			buildPhases = (
				565E3529C86D2CDE51C74084 /* [CP] Check Pods Manifest.lock */,
				D959984820ED479100982DBC /* Sources */,
				D959984920ED479100982DBC /* Frameworks */,
				D959984A20ED479100982DBC /* Resources */,
			);
			buildRules = (
			);
			dependencies = (
				D959984E20ED479100982DBC /* PBXTargetDependency */,
			);
			name = BlueUITests;
			productName = BlueUITests;
			productReference = D959984C20ED479100982DBC /* BlueUITests.xctest */;
			productType = "com.apple.product-type.bundle.ui-testing";
		};
/* End PBXNativeTarget section */

/* Begin PBXProject section */
		D959982520ED478E00982DBC /* Project object */ = {
			isa = PBXProject;
			attributes = {
				LastSwiftUpdateCheck = 0930;
				LastUpgradeCheck = 0930;
				ORGANIZATIONNAME = Tim;
				TargetAttributes = {
					D959982C20ED478E00982DBC = {
						CreatedOnToolsVersion = 9.3;
					};
					D959984020ED479100982DBC = {
						CreatedOnToolsVersion = 9.3;
						TestTargetID = D959982C20ED478E00982DBC;
					};
					D959984B20ED479100982DBC = {
						CreatedOnToolsVersion = 9.3;
						TestTargetID = D959982C20ED478E00982DBC;
					};
				};
			};
			buildConfigurationList = D959982820ED478E00982DBC /* Build configuration list for PBXProject "Blue" */;
			compatibilityVersion = "Xcode 9.3";
			developmentRegion = en;
			hasScannedForEncodings = 0;
			knownRegions = (
				en,
				Base,
			);
			mainGroup = D959982420ED478E00982DBC;
			productRefGroup = D959982E20ED478E00982DBC /* Products */;
			projectDirPath = "";
			projectRoot = "";
			targets = (
				D959982C20ED478E00982DBC /* Blue */,
				D959984020ED479100982DBC /* BlueTests */,
				D959984B20ED479100982DBC /* BlueUITests */,
			);
		};
/* End PBXProject section */

/* Begin PBXResourcesBuildPhase section */
		D959982B20ED478E00982DBC /* Resources */ = {
			isa = PBXResourcesBuildPhase;
			buildActionMask = 2147483647;
			files = (
				D959983B20ED479100982DBC /* LaunchScreen.storyboard in Resources */,
				D959985F20ED47FF00982DBC /* GoogleService-Info.plist in Resources */,
				D959983820ED479100982DBC /* Assets.xcassets in Resources */,
				D959983620ED478E00982DBC /* Main.storyboard in Resources */,
			);
			runOnlyForDeploymentPostprocessing = 0;
		};
		D959983F20ED479100982DBC /* Resources */ = {
			isa = PBXResourcesBuildPhase;
			buildActionMask = 2147483647;
			files = (
			);
			runOnlyForDeploymentPostprocessing = 0;
		};
		D959984A20ED479100982DBC /* Resources */ = {
			isa = PBXResourcesBuildPhase;
			buildActionMask = 2147483647;
			files = (
			);
			runOnlyForDeploymentPostprocessing = 0;
		};
/* End PBXResourcesBuildPhase section */

/* Begin PBXShellScriptBuildPhase section */
		0EC6E46CEE6C914BF1A17289 /* [CP] Check Pods Manifest.lock */ = {
			isa = PBXShellScriptBuildPhase;
			buildActionMask = 2147483647;
			files = (
			);
			inputPaths = (
				"${PODS_PODFILE_DIR_PATH}/Podfile.lock",
				"${PODS_ROOT}/Manifest.lock",
			);
			name = "[CP] Check Pods Manifest.lock";
			outputPaths = (
				"$(DERIVED_FILE_DIR)/Pods-Blue-checkManifestLockResult.txt",
			);
			runOnlyForDeploymentPostprocessing = 0;
			shellPath = /bin/sh;
			shellScript = "diff \"${PODS_PODFILE_DIR_PATH}/Podfile.lock\" \"${PODS_ROOT}/Manifest.lock\" > /dev/null\nif [ $? != 0 ] ; then\n    # print error to STDERR\n    echo \"error: The sandbox is not in sync with the Podfile.lock. Run 'pod install' or update your CocoaPods installation.\" >&2\n    exit 1\nfi\n# This output is used by Xcode 'outputs' to avoid re-running this script phase.\necho \"SUCCESS\" > \"${SCRIPT_OUTPUT_FILE_0}\"\n";
			showEnvVarsInLog = 0;
		};
		565E3529C86D2CDE51C74084 /* [CP] Check Pods Manifest.lock */ = {
			isa = PBXShellScriptBuildPhase;
			buildActionMask = 2147483647;
			files = (
			);
			inputPaths = (
				"${PODS_PODFILE_DIR_PATH}/Podfile.lock",
				"${PODS_ROOT}/Manifest.lock",
			);
			name = "[CP] Check Pods Manifest.lock";
			outputPaths = (
				"$(DERIVED_FILE_DIR)/Pods-BlueUITests-checkManifestLockResult.txt",
			);
			runOnlyForDeploymentPostprocessing = 0;
			shellPath = /bin/sh;
			shellScript = "diff \"${PODS_PODFILE_DIR_PATH}/Podfile.lock\" \"${PODS_ROOT}/Manifest.lock\" > /dev/null\nif [ $? != 0 ] ; then\n    # print error to STDERR\n    echo \"error: The sandbox is not in sync with the Podfile.lock. Run 'pod install' or update your CocoaPods installation.\" >&2\n    exit 1\nfi\n# This output is used by Xcode 'outputs' to avoid re-running this script phase.\necho \"SUCCESS\" > \"${SCRIPT_OUTPUT_FILE_0}\"\n";
			showEnvVarsInLog = 0;
		};
		73C11FCFECE1F392A87FB3F3 /* [CP] Check Pods Manifest.lock */ = {
			isa = PBXShellScriptBuildPhase;
			buildActionMask = 2147483647;
			files = (
			);
			inputPaths = (
				"${PODS_PODFILE_DIR_PATH}/Podfile.lock",
				"${PODS_ROOT}/Manifest.lock",
			);
			name = "[CP] Check Pods Manifest.lock";
			outputPaths = (
				"$(DERIVED_FILE_DIR)/Pods-BlueTests-checkManifestLockResult.txt",
			);
			runOnlyForDeploymentPostprocessing = 0;
			shellPath = /bin/sh;
			shellScript = "diff \"${PODS_PODFILE_DIR_PATH}/Podfile.lock\" \"${PODS_ROOT}/Manifest.lock\" > /dev/null\nif [ $? != 0 ] ; then\n    # print error to STDERR\n    echo \"error: The sandbox is not in sync with the Podfile.lock. Run 'pod install' or update your CocoaPods installation.\" >&2\n    exit 1\nfi\n# This output is used by Xcode 'outputs' to avoid re-running this script phase.\necho \"SUCCESS\" > \"${SCRIPT_OUTPUT_FILE_0}\"\n";
			showEnvVarsInLog = 0;
		};
		F536AB1F6D910B7CE320889C /* [CP] Embed Pods Frameworks */ = {
			isa = PBXShellScriptBuildPhase;
			buildActionMask = 2147483647;
			files = (
			);
			inputPaths = (
				"${SRCROOT}/Pods/Target Support Files/Pods-Blue/Pods-Blue-frameworks.sh",
				"${BUILT_PRODUCTS_DIR}/GTMSessionFetcher/GTMSessionFetcher.framework",
				"${BUILT_PRODUCTS_DIR}/GoogleToolboxForMac/GoogleToolboxForMac.framework",
				"${BUILT_PRODUCTS_DIR}/MRProgress/MRProgress.framework",
				"${BUILT_PRODUCTS_DIR}/SDWebImage/SDWebImage.framework",
				"${BUILT_PRODUCTS_DIR}/TPKeyboardAvoidingSwift/TPKeyboardAvoidingSwift.framework",
				"${BUILT_PRODUCTS_DIR}/UITextView+Placeholder/UITextView_Placeholder.framework",
				"${BUILT_PRODUCTS_DIR}/leveldb-library/leveldb.framework",
				"${BUILT_PRODUCTS_DIR}/nanopb/nanopb.framework",
			);
			name = "[CP] Embed Pods Frameworks";
			outputPaths = (
				"${TARGET_BUILD_DIR}/${FRAMEWORKS_FOLDER_PATH}/GTMSessionFetcher.framework",
				"${TARGET_BUILD_DIR}/${FRAMEWORKS_FOLDER_PATH}/GoogleToolboxForMac.framework",
				"${TARGET_BUILD_DIR}/${FRAMEWORKS_FOLDER_PATH}/MRProgress.framework",
				"${TARGET_BUILD_DIR}/${FRAMEWORKS_FOLDER_PATH}/SDWebImage.framework",
				"${TARGET_BUILD_DIR}/${FRAMEWORKS_FOLDER_PATH}/TPKeyboardAvoidingSwift.framework",
				"${TARGET_BUILD_DIR}/${FRAMEWORKS_FOLDER_PATH}/UITextView_Placeholder.framework",
				"${TARGET_BUILD_DIR}/${FRAMEWORKS_FOLDER_PATH}/leveldb.framework",
				"${TARGET_BUILD_DIR}/${FRAMEWORKS_FOLDER_PATH}/nanopb.framework",
			);
			runOnlyForDeploymentPostprocessing = 0;
			shellPath = /bin/sh;
			shellScript = "\"${SRCROOT}/Pods/Target Support Files/Pods-Blue/Pods-Blue-frameworks.sh\"\n";
			showEnvVarsInLog = 0;
		};
/* End PBXShellScriptBuildPhase section */

/* Begin PBXSourcesBuildPhase section */
		D959982920ED478E00982DBC /* Sources */ = {
			isa = PBXSourcesBuildPhase;
			buildActionMask = 2147483647;
			files = (
				F1A1B95C21243C2800D24606 /* FollwersViewController.swift in Sources */,
				D934FE6D2115DD0200A5F66F /* PostCell.swift in Sources */,
				D934FE6F2117647500A5F66F /* ProfileViewController.swift in Sources */,
				F1A1B95E21244A8A00D24606 /* SettingViewController.swift in Sources */,
				F18A4A4F211D6D29008ED448 /* FeedViewController.swift in Sources */,
				D959983320ED478E00982DBC /* ViewController.swift in Sources */,
				F18A4A58211DDB63008ED448 /* UserSearchViewController.swift in Sources */,
				D9751A6E20EFA24300BD0EDC /* PageViewController.swift in Sources */,
				F1BEB80E211B0C0A006472DA /* SignInViewController.swift in Sources */,
				D959983120ED478E00982DBC /* AppDelegate.swift in Sources */,
				F18A4A4D211D4D78008ED448 /* BasicStuff.swift in Sources */,
				D959986520ED4FBC00982DBC /* SignUpViewController.swift in Sources */,
				F18A4A51211D7590008ED448 /* NewPostViewController.swift in Sources */,
			);
			runOnlyForDeploymentPostprocessing = 0;
		};
		D959983D20ED479100982DBC /* Sources */ = {
			isa = PBXSourcesBuildPhase;
			buildActionMask = 2147483647;
			files = (
				D959984620ED479100982DBC /* BlueTests.swift in Sources */,
			);
			runOnlyForDeploymentPostprocessing = 0;
		};
		D959984820ED479100982DBC /* Sources */ = {
			isa = PBXSourcesBuildPhase;
			buildActionMask = 2147483647;
			files = (
				D959985120ED479100982DBC /* BlueUITests.swift in Sources */,
			);
			runOnlyForDeploymentPostprocessing = 0;
		};
/* End PBXSourcesBuildPhase section */

/* Begin PBXTargetDependency section */
		D959984320ED479100982DBC /* PBXTargetDependency */ = {
			isa = PBXTargetDependency;
			target = D959982C20ED478E00982DBC /* Blue */;
			targetProxy = D959984220ED479100982DBC /* PBXContainerItemProxy */;
		};
		D959984E20ED479100982DBC /* PBXTargetDependency */ = {
			isa = PBXTargetDependency;
			target = D959982C20ED478E00982DBC /* Blue */;
			targetProxy = D959984D20ED479100982DBC /* PBXContainerItemProxy */;
		};
/* End PBXTargetDependency section */

/* Begin PBXVariantGroup section */
		D959983420ED478E00982DBC /* Main.storyboard */ = {
			isa = PBXVariantGroup;
			children = (
				D959983520ED478E00982DBC /* Base */,
			);
			name = Main.storyboard;
			sourceTree = "<group>";
		};
		D959983920ED479100982DBC /* LaunchScreen.storyboard */ = {
			isa = PBXVariantGroup;
			children = (
				D959983A20ED479100982DBC /* Base */,
			);
			name = LaunchScreen.storyboard;
			sourceTree = "<group>";
		};
/* End PBXVariantGroup section */

/* Begin XCBuildConfiguration section */
		D959985320ED479100982DBC /* Debug */ = {
			isa = XCBuildConfiguration;
			buildSettings = {
				ALWAYS_SEARCH_USER_PATHS = NO;
				CLANG_ANALYZER_NONNULL = YES;
				CLANG_ANALYZER_NUMBER_OBJECT_CONVERSION = YES_AGGRESSIVE;
				CLANG_CXX_LANGUAGE_STANDARD = "gnu++14";
				CLANG_CXX_LIBRARY = "libc++";
				CLANG_ENABLE_MODULES = YES;
				CLANG_ENABLE_OBJC_ARC = YES;
				CLANG_ENABLE_OBJC_WEAK = YES;
				CLANG_WARN_BLOCK_CAPTURE_AUTORELEASING = YES;
				CLANG_WARN_BOOL_CONVERSION = YES;
				CLANG_WARN_COMMA = YES;
				CLANG_WARN_CONSTANT_CONVERSION = YES;
				CLANG_WARN_DEPRECATED_OBJC_IMPLEMENTATIONS = YES;
				CLANG_WARN_DIRECT_OBJC_ISA_USAGE = YES_ERROR;
				CLANG_WARN_DOCUMENTATION_COMMENTS = YES;
				CLANG_WARN_EMPTY_BODY = YES;
				CLANG_WARN_ENUM_CONVERSION = YES;
				CLANG_WARN_INFINITE_RECURSION = YES;
				CLANG_WARN_INT_CONVERSION = YES;
				CLANG_WARN_NON_LITERAL_NULL_CONVERSION = YES;
				CLANG_WARN_OBJC_IMPLICIT_RETAIN_SELF = YES;
				CLANG_WARN_OBJC_LITERAL_CONVERSION = YES;
				CLANG_WARN_OBJC_ROOT_CLASS = YES_ERROR;
				CLANG_WARN_RANGE_LOOP_ANALYSIS = YES;
				CLANG_WARN_STRICT_PROTOTYPES = YES;
				CLANG_WARN_SUSPICIOUS_MOVE = YES;
				CLANG_WARN_UNGUARDED_AVAILABILITY = YES_AGGRESSIVE;
				CLANG_WARN_UNREACHABLE_CODE = YES;
				CLANG_WARN__DUPLICATE_METHOD_MATCH = YES;
				CODE_SIGN_IDENTITY = "iPhone Developer";
				COPY_PHASE_STRIP = NO;
				DEBUG_INFORMATION_FORMAT = dwarf;
				ENABLE_STRICT_OBJC_MSGSEND = YES;
				ENABLE_TESTABILITY = YES;
				GCC_C_LANGUAGE_STANDARD = gnu11;
				GCC_DYNAMIC_NO_PIC = NO;
				GCC_NO_COMMON_BLOCKS = YES;
				GCC_OPTIMIZATION_LEVEL = 0;
				GCC_PREPROCESSOR_DEFINITIONS = (
					"DEBUG=1",
					"$(inherited)",
				);
				GCC_WARN_64_TO_32_BIT_CONVERSION = YES;
				GCC_WARN_ABOUT_RETURN_TYPE = YES_ERROR;
				GCC_WARN_UNDECLARED_SELECTOR = YES;
				GCC_WARN_UNINITIALIZED_AUTOS = YES_AGGRESSIVE;
				GCC_WARN_UNUSED_FUNCTION = YES;
				GCC_WARN_UNUSED_VARIABLE = YES;
				IPHONEOS_DEPLOYMENT_TARGET = 11.3;
				MTL_ENABLE_DEBUG_INFO = YES;
				ONLY_ACTIVE_ARCH = YES;
				SDKROOT = iphoneos;
				SWIFT_ACTIVE_COMPILATION_CONDITIONS = DEBUG;
				SWIFT_OPTIMIZATION_LEVEL = "-Onone";
			};
			name = Debug;
		};
		D959985420ED479100982DBC /* Release */ = {
			isa = XCBuildConfiguration;
			buildSettings = {
				ALWAYS_SEARCH_USER_PATHS = NO;
				CLANG_ANALYZER_NONNULL = YES;
				CLANG_ANALYZER_NUMBER_OBJECT_CONVERSION = YES_AGGRESSIVE;
				CLANG_CXX_LANGUAGE_STANDARD = "gnu++14";
				CLANG_CXX_LIBRARY = "libc++";
				CLANG_ENABLE_MODULES = YES;
				CLANG_ENABLE_OBJC_ARC = YES;
				CLANG_ENABLE_OBJC_WEAK = YES;
				CLANG_WARN_BLOCK_CAPTURE_AUTORELEASING = YES;
				CLANG_WARN_BOOL_CONVERSION = YES;
				CLANG_WARN_COMMA = YES;
				CLANG_WARN_CONSTANT_CONVERSION = YES;
				CLANG_WARN_DEPRECATED_OBJC_IMPLEMENTATIONS = YES;
				CLANG_WARN_DIRECT_OBJC_ISA_USAGE = YES_ERROR;
				CLANG_WARN_DOCUMENTATION_COMMENTS = YES;
				CLANG_WARN_EMPTY_BODY = YES;
				CLANG_WARN_ENUM_CONVERSION = YES;
				CLANG_WARN_INFINITE_RECURSION = YES;
				CLANG_WARN_INT_CONVERSION = YES;
				CLANG_WARN_NON_LITERAL_NULL_CONVERSION = YES;
				CLANG_WARN_OBJC_IMPLICIT_RETAIN_SELF = YES;
				CLANG_WARN_OBJC_LITERAL_CONVERSION = YES;
				CLANG_WARN_OBJC_ROOT_CLASS = YES_ERROR;
				CLANG_WARN_RANGE_LOOP_ANALYSIS = YES;
				CLANG_WARN_STRICT_PROTOTYPES = YES;
				CLANG_WARN_SUSPICIOUS_MOVE = YES;
				CLANG_WARN_UNGUARDED_AVAILABILITY = YES_AGGRESSIVE;
				CLANG_WARN_UNREACHABLE_CODE = YES;
				CLANG_WARN__DUPLICATE_METHOD_MATCH = YES;
				CODE_SIGN_IDENTITY = "iPhone Developer";
				COPY_PHASE_STRIP = NO;
				DEBUG_INFORMATION_FORMAT = "dwarf-with-dsym";
				ENABLE_NS_ASSERTIONS = NO;
				ENABLE_STRICT_OBJC_MSGSEND = YES;
				GCC_C_LANGUAGE_STANDARD = gnu11;
				GCC_NO_COMMON_BLOCKS = YES;
				GCC_WARN_64_TO_32_BIT_CONVERSION = YES;
				GCC_WARN_ABOUT_RETURN_TYPE = YES_ERROR;
				GCC_WARN_UNDECLARED_SELECTOR = YES;
				GCC_WARN_UNINITIALIZED_AUTOS = YES_AGGRESSIVE;
				GCC_WARN_UNUSED_FUNCTION = YES;
				GCC_WARN_UNUSED_VARIABLE = YES;
				IPHONEOS_DEPLOYMENT_TARGET = 11.3;
				MTL_ENABLE_DEBUG_INFO = NO;
				SDKROOT = iphoneos;
				SWIFT_COMPILATION_MODE = wholemodule;
				SWIFT_OPTIMIZATION_LEVEL = "-O";
				VALIDATE_PRODUCT = YES;
			};
			name = Release;
		};
		D959985620ED479100982DBC /* Debug */ = {
			isa = XCBuildConfiguration;
			baseConfigurationReference = EEC394C6615F20333D53C7F1 /* Pods-Blue.debug.xcconfig */;
			buildSettings = {
				ASSETCATALOG_COMPILER_APPICON_NAME = AppIcon;
				CODE_SIGN_STYLE = Manual;
				DEVELOPMENT_TEAM = L9R323GE84;
				INFOPLIST_FILE = Blue/Info.plist;
				IPHONEOS_DEPLOYMENT_TARGET = 10.0;
				LD_RUNPATH_SEARCH_PATHS = (
					"$(inherited)",
					"@executable_path/Frameworks",
				);
				PRODUCT_BUNDLE_IDENTIFIER = "-app.Blue";
				PRODUCT_NAME = "$(TARGET_NAME)";
				PROVISIONING_PROFILE = "7cf7f82d-de21-4fe8-b7aa-09e424906d19";
				PROVISIONING_PROFILE_SPECIFIER = JDBTechsALL;
				SWIFT_VERSION = 4.0;
				TARGETED_DEVICE_FAMILY = "1,2";
			};
			name = Debug;
		};
		D959985720ED479100982DBC /* Release */ = {
			isa = XCBuildConfiguration;
			baseConfigurationReference = E800B4E7BA3F0269D6857BAA /* Pods-Blue.release.xcconfig */;
			buildSettings = {
				ASSETCATALOG_COMPILER_APPICON_NAME = AppIcon;
				CODE_SIGN_STYLE = Manual;
				DEVELOPMENT_TEAM = L9R323GE84;
				INFOPLIST_FILE = Blue/Info.plist;
				IPHONEOS_DEPLOYMENT_TARGET = 10.0;
				LD_RUNPATH_SEARCH_PATHS = (
					"$(inherited)",
					"@executable_path/Frameworks",
				);
				PRODUCT_BUNDLE_IDENTIFIER = "-app.Blue";
				PRODUCT_NAME = "$(TARGET_NAME)";
				PROVISIONING_PROFILE = "7cf7f82d-de21-4fe8-b7aa-09e424906d19";
				PROVISIONING_PROFILE_SPECIFIER = JDBTechsALL;
				SWIFT_VERSION = 4.0;
				TARGETED_DEVICE_FAMILY = "1,2";
			};
			name = Release;
		};
		D959985920ED479100982DBC /* Debug */ = {
			isa = XCBuildConfiguration;
			baseConfigurationReference = 9001489DA10AD7EE70D209C7 /* Pods-BlueTests.debug.xcconfig */;
			buildSettings = {
				ALWAYS_EMBED_SWIFT_STANDARD_LIBRARIES = YES;
				BUNDLE_LOADER = "$(TEST_HOST)";
				CODE_SIGN_STYLE = Automatic;
				INFOPLIST_FILE = BlueTests/Info.plist;
				LD_RUNPATH_SEARCH_PATHS = (
					"$(inherited)",
					"@executable_path/Frameworks",
					"@loader_path/Frameworks",
				);
				PRODUCT_BUNDLE_IDENTIFIER = "-app.BlueTests";
				PRODUCT_NAME = "$(TARGET_NAME)";
				SWIFT_VERSION = 4.0;
				TARGETED_DEVICE_FAMILY = "1,2";
				TEST_HOST = "$(BUILT_PRODUCTS_DIR)/Blue.app/Blue";
			};
			name = Debug;
		};
		D959985A20ED479100982DBC /* Release */ = {
			isa = XCBuildConfiguration;
			baseConfigurationReference = F1BF18B53ACC74870A273202 /* Pods-BlueTests.release.xcconfig */;
			buildSettings = {
				ALWAYS_EMBED_SWIFT_STANDARD_LIBRARIES = YES;
				BUNDLE_LOADER = "$(TEST_HOST)";
				CODE_SIGN_STYLE = Automatic;
				INFOPLIST_FILE = BlueTests/Info.plist;
				LD_RUNPATH_SEARCH_PATHS = (
					"$(inherited)",
					"@executable_path/Frameworks",
					"@loader_path/Frameworks",
				);
				PRODUCT_BUNDLE_IDENTIFIER = "-app.BlueTests";
				PRODUCT_NAME = "$(TARGET_NAME)";
				SWIFT_VERSION = 4.0;
				TARGETED_DEVICE_FAMILY = "1,2";
				TEST_HOST = "$(BUILT_PRODUCTS_DIR)/Blue.app/Blue";
			};
			name = Release;
		};
		D959985C20ED479100982DBC /* Debug */ = {
			isa = XCBuildConfiguration;
			baseConfigurationReference = 7EFD7830AC15D1AA6B2AB3B5 /* Pods-BlueUITests.debug.xcconfig */;
			buildSettings = {
				ALWAYS_EMBED_SWIFT_STANDARD_LIBRARIES = YES;
				CODE_SIGN_STYLE = Automatic;
				INFOPLIST_FILE = BlueUITests/Info.plist;
				LD_RUNPATH_SEARCH_PATHS = (
					"$(inherited)",
					"@executable_path/Frameworks",
					"@loader_path/Frameworks",
				);
				PRODUCT_BUNDLE_IDENTIFIER = "-app.BlueUITests";
				PRODUCT_NAME = "$(TARGET_NAME)";
				SWIFT_VERSION = 4.0;
				TARGETED_DEVICE_FAMILY = "1,2";
				TEST_TARGET_NAME = Blue;
			};
			name = Debug;
		};
		D959985D20ED479100982DBC /* Release */ = {
			isa = XCBuildConfiguration;
			baseConfigurationReference = F8B48E2977AA251FCEEE0A64 /* Pods-BlueUITests.release.xcconfig */;
			buildSettings = {
				ALWAYS_EMBED_SWIFT_STANDARD_LIBRARIES = YES;
				CODE_SIGN_STYLE = Automatic;
				INFOPLIST_FILE = BlueUITests/Info.plist;
				LD_RUNPATH_SEARCH_PATHS = (
					"$(inherited)",
					"@executable_path/Frameworks",
					"@loader_path/Frameworks",
				);
				PRODUCT_BUNDLE_IDENTIFIER = "-app.BlueUITests";
				PRODUCT_NAME = "$(TARGET_NAME)";
				SWIFT_VERSION = 4.0;
				TARGETED_DEVICE_FAMILY = "1,2";
				TEST_TARGET_NAME = Blue;
			};
			name = Release;
		};
/* End XCBuildConfiguration section */

/* Begin XCConfigurationList section */
		D959982820ED478E00982DBC /* Build configuration list for PBXProject "Blue" */ = {
			isa = XCConfigurationList;
			buildConfigurations = (
				D959985320ED479100982DBC /* Debug */,
				D959985420ED479100982DBC /* Release */,
			);
			defaultConfigurationIsVisible = 0;
			defaultConfigurationName = Release;
		};
		D959985520ED479100982DBC /* Build configuration list for PBXNativeTarget "Blue" */ = {
			isa = XCConfigurationList;
			buildConfigurations = (
				D959985620ED479100982DBC /* Debug */,
				D959985720ED479100982DBC /* Release */,
			);
			defaultConfigurationIsVisible = 0;
			defaultConfigurationName = Release;
		};
		D959985820ED479100982DBC /* Build configuration list for PBXNativeTarget "BlueTests" */ = {
			isa = XCConfigurationList;
			buildConfigurations = (
				D959985920ED479100982DBC /* Debug */,
				D959985A20ED479100982DBC /* Release */,
			);
			defaultConfigurationIsVisible = 0;
			defaultConfigurationName = Release;
		};
		D959985B20ED479100982DBC /* Build configuration list for PBXNativeTarget "BlueUITests" */ = {
			isa = XCConfigurationList;
			buildConfigurations = (
				D959985C20ED479100982DBC /* Debug */,
				D959985D20ED479100982DBC /* Release */,
			);
			defaultConfigurationIsVisible = 0;
			defaultConfigurationName = Release;
		};
/* End XCConfigurationList section */
	};
	rootObject = D959982520ED478E00982DBC /* Project object */;
}
